
Microsoft Visual Studio Solution File, Format Version 12.00
# Visual Studio Version 17
VisualStudioVersion = 17.0.31717.71
MinimumVisualStudioVersion = 10.0.40219.1
Project("{9A19103F-16F7-4668-BE54-9A1E7A4F7556}") = "AssemblyCrawler", "assembly-crawler\AssemblyCrawler\AssemblyCrawler.csproj", "{FB756FE9-0B48-4FD3-A8E7-1CC91913739B}"
EndProject
Project("{9A19103F-16F7-4668-BE54-9A1E7A4F7556}") = "AssemblyCrawler.Test", "AssemblyCrawler.Test\AssemblyCrawler.Test.csproj", "{B2CE52D4-C741-4AFA-8603-8820D4383A88}"
EndProject
Project("{FAE04EC0-301F-11D3-BF4B-00C04F79EFBC}") = "TestAssemblyNET48", "TestAssemblyNET48\TestAssemblyNET48.csproj", "{3C6CBD22-D931-422C-A914-16C592FB7A09}"
EndProject
Project("{9A19103F-16F7-4668-BE54-9A1E7A4F7556}") = "TestFixtureSupport", "TestFixtureSupport\TestFixtureSupport.csproj", "{4F7DCF44-1429-4F0C-9B8E-4016F9F4E6A0}"
EndProject
Project("{9A19103F-16F7-4668-BE54-9A1E7A4F7556}") = "Barber.AutoDiagrammer", "Barber.AutoDiagrammer\Barber.AutoDiagrammer.csproj", "{216F3E86-77AC-4E35-915D-7D82DF825308}"
EndProject
Project("{9A19103F-16F7-4668-BE54-9A1E7A4F7556}") = "AssemblyCrawler.Console", "AssemblyCrawler.Console\AssemblyCrawler.Console.csproj", "{FF3F1322-663E-461E-9511-94F7C3D02700}"
EndProject
Project("{9A19103F-16F7-4668-BE54-9A1E7A4F7556}") = "TestGenericAssembly", "TestGenericAssembly\TestGenericAssembly.csproj", "{3A24FB1A-A862-488C-A6DE-B84D492E6A1C}"
EndProject
Project("{9A19103F-16F7-4668-BE54-9A1E7A4F7556}") = "AssemblyCrawler.Xml", "AssemblyCrawler.Xml\AssemblyCrawler.Xml.csproj", "{03AD2B1A-8EA0-4E63-A123-5A8EA8AD337B}"
EndProject
Project("{2150E333-8FDC-42A3-9474-1A3956D46DE8}") = "typings", "typings", "{FBADA7EE-579A-4282-BFB0-48F0344A6181}"
EndProject
Project("{2150E333-8FDC-42A3-9474-1A3956D46DE8}") = "OpenFlows", "OpenFlows", "{8D643D9C-3B1C-407B-9159-81986060D99C}"
	ProjectSection(SolutionItems) = preProject
		..\typings\OpenFlows\__init__.pyi = ..\typings\OpenFlows\__init__.pyi
		..\typings\OpenFlows\Analysis.pyi = ..\typings\OpenFlows\Analysis.pyi
		..\typings\OpenFlows\Application.pyi = ..\typings\OpenFlows\Application.pyi
		..\typings\OpenFlows\Licensing.pyi = ..\typings\OpenFlows\Licensing.pyi
		..\typings\OpenFlows\Units.pyi = ..\typings\OpenFlows\Units.pyi
		..\typings\OpenFlows\Water.pyi = ..\typings\OpenFlows\Water.pyi
	EndProjectSection
EndProject
Project("{2150E333-8FDC-42A3-9474-1A3956D46DE8}") = "Water", "Water", "{41CF8836-1AB1-49D8-805B-D5AD7044D559}"
	ProjectSection(SolutionItems) = preProject
		..\typings\OpenFlows\Water\Analysis.pyi = ..\typings\OpenFlows\Water\Analysis.pyi
		..\typings\OpenFlows\Water\Domain.pyi = ..\typings\OpenFlows\Water\Domain.pyi
		..\typings\OpenFlows\Water\Python.pyi = ..\typings\OpenFlows\Water\Python.pyi
		..\typings\OpenFlows\Water\Support.pyi = ..\typings\OpenFlows\Water\Support.pyi
		..\typings\OpenFlows\Water\Units.pyi = ..\typings\OpenFlows\Water\Units.pyi
	EndProjectSection
EndProject
Project("{2150E333-8FDC-42A3-9474-1A3956D46DE8}") = "Domain", "Domain", "{A3E12FF5-D16F-493D-89DC-CC3C254B5F44}"
	ProjectSection(SolutionItems) = preProject
		..\typings\OpenFlows\Domain\DataObjects.pyi = ..\typings\OpenFlows\Domain\DataObjects.pyi
		..\typings\OpenFlows\Domain\ModelingElements.pyi = ..\typings\OpenFlows\Domain\ModelingElements.pyi
	EndProjectSection
EndProject
Project("{2150E333-8FDC-42A3-9474-1A3956D46DE8}") = "ModelingElements", "ModelingElements", "{4C3B722B-CA30-4CEB-9EE1-DDFA8E5BEB8E}"
	ProjectSection(SolutionItems) = preProject
		..\typings\OpenFlows\Domain\ModelingElements\Collections.pyi = ..\typings\OpenFlows\Domain\ModelingElements\Collections.pyi
		..\typings\OpenFlows\Domain\ModelingElements\Components.pyi = ..\typings\OpenFlows\Domain\ModelingElements\Components.pyi
		..\typings\OpenFlows\Domain\ModelingElements\NetworkElements.pyi = ..\typings\OpenFlows\Domain\ModelingElements\NetworkElements.pyi
		..\typings\OpenFlows\Domain\ModelingElements\Support.pyi = ..\typings\OpenFlows\Domain\ModelingElements\Support.pyi
	EndProjectSection
EndProject
Project("{2150E333-8FDC-42A3-9474-1A3956D46DE8}") = "Domain", "Domain", "{AF595F47-DC3B-46BE-94B9-DA8870C7334E}"
	ProjectSection(SolutionItems) = preProject
		..\typings\OpenFlows\Water\Domain\ModelingElements.pyi = ..\typings\OpenFlows\Water\Domain\ModelingElements.pyi
	EndProjectSection
EndProject
Project("{2150E333-8FDC-42A3-9474-1A3956D46DE8}") = "ModelingElements", "ModelingElements", "{D1689324-7DC4-4ABF-93A5-D71352C7008A}"
	ProjectSection(SolutionItems) = preProject
		..\typings\OpenFlows\Water\Domain\ModelingElements\CalculationOptions.pyi = ..\typings\OpenFlows\Water\Domain\ModelingElements\CalculationOptions.pyi
		..\typings\OpenFlows\Water\Domain\ModelingElements\Components.pyi = ..\typings\OpenFlows\Water\Domain\ModelingElements\Components.pyi
		..\typings\OpenFlows\Water\Domain\ModelingElements\NetworkElements.pyi = ..\typings\OpenFlows\Water\Domain\ModelingElements\NetworkElements.pyi
	EndProjectSection
EndProject
Project("{2150E333-8FDC-42A3-9474-1A3956D46DE8}") = "Haestad", "Haestad", "{D8C7D92D-DA08-4365-B87F-CE3C5B9AAD79}"
	ProjectSection(SolutionItems) = preProject
		..\typings\Haestad\Domain.pyi = ..\typings\Haestad\Domain.pyi
		..\typings\Haestad\LicensingFacade.pyi = ..\typings\Haestad\LicensingFacade.pyi
	EndProjectSection
EndProject
Project("{2150E333-8FDC-42A3-9474-1A3956D46DE8}") = "Support", "Support", "{2BA6E803-E862-4732-9685-47CD24CE8BEC}"
	ProjectSection(SolutionItems) = preProject
		..\typings\Haestad\Support\Support.pyi = ..\typings\Haestad\Support\Support.pyi
		..\typings\Haestad\Support\Units.pyi = ..\typings\Haestad\Support\Units.pyi
	EndProjectSection
EndProject
Project("{2150E333-8FDC-42A3-9474-1A3956D46DE8}") = "System", "System", "{F86D2B5F-21BF-48D0-9A2E-6F87C22FC3C9}"
	ProjectSection(SolutionItems) = preProject
		..\typings\System\Reflection.pyi = ..\typings\System\Reflection.pyi
	EndProjectSection
EndProject
Global
	GlobalSection(SolutionConfigurationPlatforms) = preSolution
		Debug|Any CPU = Debug|Any CPU
		Debug|x64 = Debug|x64
		Release|Any CPU = Release|Any CPU
		Release|x64 = Release|x64
	EndGlobalSection
	GlobalSection(ProjectConfigurationPlatforms) = postSolution
		{FB756FE9-0B48-4FD3-A8E7-1CC91913739B}.Debug|Any CPU.ActiveCfg = Debug|Any CPU
		{FB756FE9-0B48-4FD3-A8E7-1CC91913739B}.Debug|Any CPU.Build.0 = Debug|Any CPU
		{FB756FE9-0B48-4FD3-A8E7-1CC91913739B}.Debug|x64.ActiveCfg = Debug|Any CPU
		{FB756FE9-0B48-4FD3-A8E7-1CC91913739B}.Debug|x64.Build.0 = Debug|Any CPU
		{FB756FE9-0B48-4FD3-A8E7-1CC91913739B}.Release|Any CPU.ActiveCfg = Release|Any CPU
		{FB756FE9-0B48-4FD3-A8E7-1CC91913739B}.Release|Any CPU.Build.0 = Release|Any CPU
		{FB756FE9-0B48-4FD3-A8E7-1CC91913739B}.Release|x64.ActiveCfg = Release|Any CPU
		{FB756FE9-0B48-4FD3-A8E7-1CC91913739B}.Release|x64.Build.0 = Release|Any CPU
		{B2CE52D4-C741-4AFA-8603-8820D4383A88}.Debug|Any CPU.ActiveCfg = Debug|x64
		{B2CE52D4-C741-4AFA-8603-8820D4383A88}.Debug|x64.ActiveCfg = Debug|x64
		{B2CE52D4-C741-4AFA-8603-8820D4383A88}.Debug|x64.Build.0 = Debug|x64
		{B2CE52D4-C741-4AFA-8603-8820D4383A88}.Release|Any CPU.ActiveCfg = Release|x64
		{B2CE52D4-C741-4AFA-8603-8820D4383A88}.Release|x64.ActiveCfg = Release|x64
		{B2CE52D4-C741-4AFA-8603-8820D4383A88}.Release|x64.Build.0 = Release|x64
		{3C6CBD22-D931-422C-A914-16C592FB7A09}.Debug|Any CPU.ActiveCfg = Debug|Any CPU
		{3C6CBD22-D931-422C-A914-16C592FB7A09}.Debug|Any CPU.Build.0 = Debug|Any CPU
		{3C6CBD22-D931-422C-A914-16C592FB7A09}.Debug|x64.ActiveCfg = Debug|Any CPU
		{3C6CBD22-D931-422C-A914-16C592FB7A09}.Debug|x64.Build.0 = Debug|Any CPU
		{3C6CBD22-D931-422C-A914-16C592FB7A09}.Release|Any CPU.ActiveCfg = Release|Any CPU
		{3C6CBD22-D931-422C-A914-16C592FB7A09}.Release|Any CPU.Build.0 = Release|Any CPU
		{3C6CBD22-D931-422C-A914-16C592FB7A09}.Release|x64.ActiveCfg = Release|Any CPU
		{3C6CBD22-D931-422C-A914-16C592FB7A09}.Release|x64.Build.0 = Release|Any CPU
		{4F7DCF44-1429-4F0C-9B8E-4016F9F4E6A0}.Debug|Any CPU.ActiveCfg = Debug|Any CPU
		{4F7DCF44-1429-4F0C-9B8E-4016F9F4E6A0}.Debug|Any CPU.Build.0 = Debug|Any CPU
		{4F7DCF44-1429-4F0C-9B8E-4016F9F4E6A0}.Debug|x64.ActiveCfg = Debug|Any CPU
		{4F7DCF44-1429-4F0C-9B8E-4016F9F4E6A0}.Debug|x64.Build.0 = Debug|Any CPU
		{4F7DCF44-1429-4F0C-9B8E-4016F9F4E6A0}.Release|Any CPU.ActiveCfg = Release|Any CPU
		{4F7DCF44-1429-4F0C-9B8E-4016F9F4E6A0}.Release|Any CPU.Build.0 = Release|Any CPU
		{4F7DCF44-1429-4F0C-9B8E-4016F9F4E6A0}.Release|x64.ActiveCfg = Release|Any CPU
		{4F7DCF44-1429-4F0C-9B8E-4016F9F4E6A0}.Release|x64.Build.0 = Release|Any CPU
		{216F3E86-77AC-4E35-915D-7D82DF825308}.Debug|Any CPU.ActiveCfg = Debug|Any CPU
		{216F3E86-77AC-4E35-915D-7D82DF825308}.Debug|Any CPU.Build.0 = Debug|Any CPU
		{216F3E86-77AC-4E35-915D-7D82DF825308}.Debug|x64.ActiveCfg = Debug|Any CPU
		{216F3E86-77AC-4E35-915D-7D82DF825308}.Debug|x64.Build.0 = Debug|Any CPU
		{216F3E86-77AC-4E35-915D-7D82DF825308}.Release|Any CPU.ActiveCfg = Release|Any CPU
		{216F3E86-77AC-4E35-915D-7D82DF825308}.Release|Any CPU.Build.0 = Release|Any CPU
		{216F3E86-77AC-4E35-915D-7D82DF825308}.Release|x64.ActiveCfg = Release|Any CPU
		{216F3E86-77AC-4E35-915D-7D82DF825308}.Release|x64.Build.0 = Release|Any CPU
		{FF3F1322-663E-461E-9511-94F7C3D02700}.Debug|Any CPU.ActiveCfg = Debug|x64
		{FF3F1322-663E-461E-9511-94F7C3D02700}.Debug|x64.ActiveCfg = Debug|x64
		{FF3F1322-663E-461E-9511-94F7C3D02700}.Debug|x64.Build.0 = Debug|x64
		{FF3F1322-663E-461E-9511-94F7C3D02700}.Release|Any CPU.ActiveCfg = Release|x64
		{FF3F1322-663E-461E-9511-94F7C3D02700}.Release|x64.ActiveCfg = Release|x64
		{FF3F1322-663E-461E-9511-94F7C3D02700}.Release|x64.Build.0 = Release|x64
		{3A24FB1A-A862-488C-A6DE-B84D492E6A1C}.Debug|Any CPU.ActiveCfg = Debug|Any CPU
		{3A24FB1A-A862-488C-A6DE-B84D492E6A1C}.Debug|Any CPU.Build.0 = Debug|Any CPU
		{3A24FB1A-A862-488C-A6DE-B84D492E6A1C}.Debug|x64.ActiveCfg = Debug|Any CPU
		{3A24FB1A-A862-488C-A6DE-B84D492E6A1C}.Debug|x64.Build.0 = Debug|Any CPU
		{3A24FB1A-A862-488C-A6DE-B84D492E6A1C}.Release|Any CPU.ActiveCfg = Release|Any CPU
		{3A24FB1A-A862-488C-A6DE-B84D492E6A1C}.Release|Any CPU.Build.0 = Release|Any CPU
		{3A24FB1A-A862-488C-A6DE-B84D492E6A1C}.Release|x64.ActiveCfg = Release|Any CPU
		{3A24FB1A-A862-488C-A6DE-B84D492E6A1C}.Release|x64.Build.0 = Release|Any CPU
		{03AD2B1A-8EA0-4E63-A123-5A8EA8AD337B}.Debug|Any CPU.ActiveCfg = Debug|Any CPU
		{03AD2B1A-8EA0-4E63-A123-5A8EA8AD337B}.Debug|Any CPU.Build.0 = Debug|Any CPU
		{03AD2B1A-8EA0-4E63-A123-5A8EA8AD337B}.Debug|x64.ActiveCfg = Debug|Any CPU
		{03AD2B1A-8EA0-4E63-A123-5A8EA8AD337B}.Debug|x64.Build.0 = Debug|Any CPU
		{03AD2B1A-8EA0-4E63-A123-5A8EA8AD337B}.Release|Any CPU.ActiveCfg = Release|Any CPU
		{03AD2B1A-8EA0-4E63-A123-5A8EA8AD337B}.Release|Any CPU.Build.0 = Release|Any CPU
		{03AD2B1A-8EA0-4E63-A123-5A8EA8AD337B}.Release|x64.ActiveCfg = Release|Any CPU
		{03AD2B1A-8EA0-4E63-A123-5A8EA8AD337B}.Release|x64.Build.0 = Release|Any CPU
	EndGlobalSection
	GlobalSection(SolutionProperties) = preSolution
		HideSolutionNode = FALSE
	EndGlobalSection
	GlobalSection(NestedProjects) = preSolution
		{8D643D9C-3B1C-407B-9159-81986060D99C} = {FBADA7EE-579A-4282-BFB0-48F0344A6181}
		{41CF8836-1AB1-49D8-805B-D5AD7044D559} = {8D643D9C-3B1C-407B-9159-81986060D99C}
		{A3E12FF5-D16F-493D-89DC-CC3C254B5F44} = {8D643D9C-3B1C-407B-9159-81986060D99C}
		{4C3B722B-CA30-4CEB-9EE1-DDFA8E5BEB8E} = {A3E12FF5-D16F-493D-89DC-CC3C254B5F44}
		{AF595F47-DC3B-46BE-94B9-DA8870C7334E} = {41CF8836-1AB1-49D8-805B-D5AD7044D559}
		{D1689324-7DC4-4ABF-93A5-D71352C7008A} = {AF595F47-DC3B-46BE-94B9-DA8870C7334E}
		{D8C7D92D-DA08-4365-B87F-CE3C5B9AAD79} = {FBADA7EE-579A-4282-BFB0-48F0344A6181}
		{2BA6E803-E862-4732-9685-47CD24CE8BEC} = {D8C7D92D-DA08-4365-B87F-CE3C5B9AAD79}
		{F86D2B5F-21BF-48D0-9A2E-6F87C22FC3C9} = {FBADA7EE-579A-4282-BFB0-48F0344A6181}
	EndGlobalSection
	GlobalSection(ExtensibilityGlobals) = postSolution
		SolutionGuid = {7162B029-BDBD-4CA6-9519-AEB20C8DE30E}
	EndGlobalSection
EndGlobal
