
Microsoft Visual Studio Solution File, Format Version 12.00
# Visual Studio Version 17
VisualStudioVersion = 17.0.31717.71
MinimumVisualStudioVersion = 10.0.40219.1
Project("{FAE04EC0-301F-11D3-BF4B-00C04F79EFBC}") = "AssemblyCrawler", "AssemblyCrawler\AssemblyCrawler.csproj", "{FB756FE9-0B48-4FD3-A8E7-1CC91913739B}"
EndProject
Global
	GlobalSection(SolutionConfigurationPlatforms) = preSolution
		Debug|Any CPU = Debug|Any CPU
		Release|Any CPU = Release|Any CPU
	EndGlobalSection
	GlobalSection(ProjectConfigurationPlatforms) = postSolution
		{FB756FE9-0B48-4FD3-A8E7-1CC91913739B}.Debug|Any CPU.ActiveCfg = Debug|Any CPU
		{FB756FE9-0B48-4FD3-A8E7-1CC91913739B}.Debug|Any CPU.Build.0 = Debug|Any CPU
		{FB756FE9-0B48-4FD3-A8E7-1CC91913739B}.Release|Any CPU.ActiveCfg = Release|Any CPU
		{FB756FE9-0B48-4FD3-A8E7-1CC91913739B}.Release|Any CPU.Build.0 = Release|Any CPU
	EndGlobalSection
	GlobalSection(SolutionProperties) = preSolution
		HideSolutionNode = FALSE
	EndGlobalSection
	GlobalSection(ExtensibilityGlobals) = postSolution
		SolutionGuid = {7162B029-BDBD-4CA6-9519-AEB20C8DE30E}
	EndGlobalSection
EndGlobal
